
Microsoft Visual Studio Solution File, Format Version 12.00
Project("{FAE04EC0-301F-11D3-BF4B-00C04F79EFBC}") = "Projekt abpd 2", "Projekt abpd 2\Projekt abpd 2.csproj", "{3627B658-688B-403C-A7AC-620EEA61C9E1}"
EndProject
Global
	GlobalSection(SolutionConfigurationPlatforms) = preSolution
		Debug|Any CPU = Debug|Any CPU
		Release|Any CPU = Release|Any CPU
	EndGlobalSection
	GlobalSection(ProjectConfigurationPlatforms) = postSolution
		{3627B658-688B-403C-A7AC-620EEA61C9E1}.Debug|Any CPU.ActiveCfg = Debug|Any CPU
		{3627B658-688B-403C-A7AC-620EEA61C9E1}.Debug|Any CPU.Build.0 = Debug|Any CPU
		{3627B658-688B-403C-A7AC-620EEA61C9E1}.Release|Any CPU.ActiveCfg = Release|Any CPU
		{3627B658-688B-403C-A7AC-620EEA61C9E1}.Release|Any CPU.Build.0 = Release|Any CPU
	EndGlobalSection
EndGlobal
